<?xml version="1.0" encoding="utf-8"?>
<Project ToolsVersion="4.0" xmlns="http://schemas.microsoft.com/developer/msbuild/2003">
  <ItemGroup>
    <Filter Include="Source Files">
      <UniqueIdentifier>{4FC737F1-C7A5-4376-A066-2A32D752A2FF}</UniqueIdentifier>
      <Extensions>cpp;cxx;c;def</Extensions>
    </Filter>
    <Filter Include="Header Files">
      <UniqueIdentifier>{93995380-89BD-4b04-88EB-625FBE52EBFB}</UniqueIdentifier>
      <Extensions>h</Extensions>
    </Filter>
    <Filter Include="Form Files">
      <UniqueIdentifier>{99349809-55BA-4b9d-BF79-8FDBB0286EB3}</UniqueIdentifier>
      <Extensions>ui</Extensions>
    </Filter>
    <Filter Include="Resource Files">
      <UniqueIdentifier>{D9D6E242-F8AF-46E4-B9FD-80ECBC20BA3E}</UniqueIdentifier>
      <Extensions>qrc;*</Extensions>
      <ParseFiles>false</ParseFiles>
    </Filter>
    <Filter Include="Header Files\gui">
      <UniqueIdentifier>{15b1ae38-d309-457a-979e-3b16968b9b46}</UniqueIdentifier>
    </Filter>
    <Filter Include="Header Files\workflow">
      <UniqueIdentifier>{deae2a5e-10e5-4947-832b-05498f97f3b8}</UniqueIdentifier>
    </Filter>
    <Filter Include="Header Files\workflow\plugin">
      <UniqueIdentifier>{e28e5cbc-173c-4a8d-b359-25f698938baf}</UniqueIdentifier>
    </Filter>
    <Filter Include="Source Files\gui">
      <UniqueIdentifier>{9161b345-0cd3-4771-b691-54743a4479db}</UniqueIdentifier>
    </Filter>
    <Filter Include="Source Files\workflow">
      <UniqueIdentifier>{dc9bdd9e-a8d7-4c23-83ff-afac24eca19c}</UniqueIdentifier>
    </Filter>
    <Filter Include="Source Files\workflow\plugin">
      <UniqueIdentifier>{907be458-a6c0-404f-8a74-70deb89072b0}</UniqueIdentifier>
    </Filter>
    <Filter Include="Generated Files">
      <UniqueIdentifier>{71ED8ED8-ACB9-4CE9-BBE1-E00B30144E11}</UniqueIdentifier>
      <Extensions>moc;h;cpp</Extensions>
      <ParseFiles>true</ParseFiles>
    </Filter>
    <Filter Include="Generated Files\Debug">
      <UniqueIdentifier>{576fe361-e030-43e5-b85d-64ef642fe93d}</UniqueIdentifier>
      <Extensions>cpp;moc</Extensions>
      <SourceControlFiles>False</SourceControlFiles>
    </Filter>
    <Filter Include="Generated Files\Release">
      <UniqueIdentifier>{6919c35c-eba3-4ab0-b561-cab855f2d78f}</UniqueIdentifier>
      <Extensions>cpp;moc</Extensions>
      <SourceControlFiles>False</SourceControlFiles>
    </Filter>
  </ItemGroup>
  <ItemGroup>
    <ClCompile Include="main.cpp">
      <Filter>Source Files</Filter>
    </ClCompile>
    <ClCompile Include="workflow\workflow\cworkflowmanager.cpp">
      <Filter>Source Files\workflow</Filter>
    </ClCompile>
    <ClCompile Include="workflow\workflow\idatapacket.cpp">
      <Filter>Source Files\workflow</Filter>
    </ClCompile>
    <ClCompile Include="workflow\plugin\cpluginmanager.cpp">
      <Filter>Source Files\workflow\plugin</Filter>
    </ClCompile>
    <ClCompile Include="workflow\workflow\idataview.cpp">
      <Filter>Source Files\workflow</Filter>
    </ClCompile>
    <ClCompile Include="GeneratedFiles\Debug\moc_C3dView.cpp">
      <Filter>Generated Files\Debug</Filter>
    </ClCompile>
    <ClCompile Include="GeneratedFiles\Release\moc_C3dView.cpp">
      <Filter>Generated Files\Release</Filter>
    </ClCompile>
    <ClCompile Include="GeneratedFiles\Debug\moc_CDepthMapView.cpp">
      <Filter>Generated Files\Debug</Filter>
    </ClCompile>
    <ClCompile Include="GeneratedFiles\Release\moc_CDepthMapView.cpp">
      <Filter>Generated Files\Release</Filter>
    </ClCompile>
    <ClCompile Include="GeneratedFiles\Debug\moc_CFeatureView.cpp">
      <Filter>Generated Files\Debug</Filter>
    </ClCompile>
    <ClCompile Include="GeneratedFiles\Release\moc_CFeatureView.cpp">
      <Filter>Generated Files\Release</Filter>
    </ClCompile>
    <ClCompile Include="GeneratedFiles\Debug\moc_CMainWindow.cpp">
      <Filter>Generated Files\Debug</Filter>
    </ClCompile>
    <ClCompile Include="GeneratedFiles\Release\moc_CMainWindow.cpp">
      <Filter>Generated Files\Release</Filter>
    </ClCompile>
    <ClCompile Include="gui\3dView\C3dView.cpp">
      <Filter>Source Files\gui</Filter>
    </ClCompile>
    <ClCompile Include="gui\CAlgorithmSelector.cpp">
      <Filter>Source Files\gui</Filter>
    </ClCompile>
    <ClCompile Include="gui\AlgorithmSettings\CAlgorithmSettingsSaveLoadWidget.cpp">
      <Filter>Source Files\gui</Filter>
    </ClCompile>
    <ClCompile Include="gui\CDatasetSelector.cpp">
      <Filter>Source Files\gui</Filter>
    </ClCompile>
    <ClCompile Include="gui\CDataViewTabContainer.cpp">
      <Filter>Source Files\gui</Filter>
    </ClCompile>
    <ClCompile Include="gui\ImageViews\CDepthMapView.cpp">
      <Filter>Source Files\gui</Filter>
    </ClCompile>
    <ClCompile Include="gui\ImageViews\CFeatureView.cpp">
      <Filter>Source Files\gui</Filter>
    </ClCompile>
    <ClCompile Include="gui\CImagePreviewItem.cpp">
      <Filter>Source Files\gui</Filter>
    </ClCompile>
    <ClCompile Include="gui\CImagePreviewWidget.cpp">
      <Filter>Source Files\gui</Filter>
    </ClCompile>
    <ClCompile Include="gui\ImageViews\CImageView.cpp">
      <Filter>Source Files\gui</Filter>
    </ClCompile>
    <ClCompile Include="gui\ImageViews\CInputImageView.cpp">
      <Filter>Source Files\gui</Filter>
    </ClCompile>
    <ClCompile Include="gui\CLogWidget.cpp">
      <Filter>Source Files\gui</Filter>
    </ClCompile>
    <ClCompile Include="gui\CMainWindow.cpp">
      <Filter>Source Files\gui</Filter>
    </ClCompile>
    <ClCompile Include="gui\CSettingsDialog.cpp">
      <Filter>Source Files\gui</Filter>
    </ClCompile>
    <ClCompile Include="gui\AlgorithmSettings\CAlgorithmSettingsView.cpp">
      <Filter>Source Files</Filter>
    </ClCompile>
    <ClCompile Include="GeneratedFiles\Debug\moc_CStepComboBox.cpp">
      <Filter>Generated Files\Debug</Filter>
    </ClCompile>
    <ClCompile Include="GeneratedFiles\Release\moc_CStepComboBox.cpp">
      <Filter>Generated Files\Release</Filter>
    </ClCompile>
    <ClCompile Include="gui\CStepComboBox.cpp">
      <Filter>Source Files</Filter>
    </ClCompile>
    <ClCompile Include="io\CImageIo.cpp">
      <Filter>Source Files</Filter>
    </ClCompile>
    <ClCompile Include="io\CInputDataSet.cpp">
      <Filter>Source Files</Filter>
    </ClCompile>
    <ClCompile Include="io\CResultContext.cpp">
      <Filter>Source Files</Filter>
    </ClCompile>
    <ClCompile Include="io\CTextIo.cpp">
      <Filter>Source Files</Filter>
    </ClCompile>
    <ClCompile Include="logger\controll\CAlgoMessage.cpp">
      <Filter>Source Files</Filter>
    </ClCompile>
    <ClCompile Include="logger\controll\CLogController.cpp">
      <Filter>Source Files</Filter>
    </ClCompile>
    <ClCompile Include="GeneratedFiles\Debug\moc_CLogController.cpp">
      <Filter>Generated Files\Debug</Filter>
    </ClCompile>
    <ClCompile Include="GeneratedFiles\Release\moc_CLogController.cpp">
      <Filter>Generated Files\Release</Filter>
    </ClCompile>
    <ClCompile Include="logger\controll\CLogHistory.cpp">
      <Filter>Source Files</Filter>
    </ClCompile>
    <ClCompile Include="logger\qslogging\QsLog.cpp">
      <Filter>Source Files</Filter>
    </ClCompile>
    <ClCompile Include="logger\qslogging\QsLogDest.cpp">
      <Filter>Source Files</Filter>
    </ClCompile>
    <ClCompile Include="logger\qslogging\QsLogDestConsole.cpp">
      <Filter>Source Files</Filter>
    </ClCompile>
    <ClCompile Include="logger\qslogging\QsLogDestFile.cpp">
      <Filter>Source Files</Filter>
    </ClCompile>
    <ClCompile Include="logger\qslogging\QsLogDestFunctor.cpp">
      <Filter>Source Files</Filter>
    </ClCompile>
    <ClCompile Include="GeneratedFiles\Debug\moc_QsLogDestFunctor.cpp">
      <Filter>Generated Files\Debug</Filter>
    </ClCompile>
    <ClCompile Include="GeneratedFiles\Release\moc_QsLogDestFunctor.cpp">
      <Filter>Generated Files\Release</Filter>
    </ClCompile>
    <ClCompile Include="settings\CAlgorithmSettingController.cpp">
      <Filter>Source Files</Filter>
    </ClCompile>
    <ClCompile Include="settings\CAlgorithmSettingsModel.cpp">
      <Filter>Source Files</Filter>
    </ClCompile>
    <ClCompile Include="settings\CGlobalSettingController.cpp">
      <Filter>Source Files</Filter>
    </ClCompile>
    <ClCompile Include="settings\CQJsonItem.cpp">
      <Filter>Source Files</Filter>
    </ClCompile>
    <ClCompile Include="settings\CQJsonModel.cpp">
      <Filter>Source Files</Filter>
    </ClCompile>
    <ClCompile Include="GeneratedFiles\Debug\moc_CQJsonModel.cpp">
      <Filter>Generated Files\Debug</Filter>
    </ClCompile>
    <ClCompile Include="GeneratedFiles\Release\moc_CQJsonModel.cpp">
      <Filter>Generated Files\Release</Filter>
    </ClCompile>
    <ClCompile Include="workflow\workflow\fourphase\cfourphaseworkflow.cpp">
      <Filter>Source Files</Filter>
    </ClCompile>
    <ClCompile Include="GeneratedFiles\Debug\moc_ialgorithm.cpp">
      <Filter>Generated Files\Debug</Filter>
    </ClCompile>
    <ClCompile Include="GeneratedFiles\Release\moc_ialgorithm.cpp">
      <Filter>Generated Files\Release</Filter>
    </ClCompile>
    <ClCompile Include="GeneratedFiles\Debug\moc_aworkflow.cpp">
      <Filter>Generated Files\Debug</Filter>
    </ClCompile>
    <ClCompile Include="GeneratedFiles\Release\moc_aworkflow.cpp">
      <Filter>Generated Files\Release</Filter>
    </ClCompile>
    <ClCompile Include="workflow\workflow\aworkflow.cpp">
      <Filter>Source Files</Filter>
    </ClCompile>
    <ClCompile Include="workflow\workflow\ccontextdatastore.cpp">
      <Filter>Source Files\workflow</Filter>
    </ClCompile>
    <ClCompile Include="workflow\workflow\datapackets\exampledata.cpp">
      <Filter>Source Files</Filter>
    </ClCompile>
    <ClCompile Include="workflow\workflow\datapackets\CDataDepth.cpp">
      <Filter>Source Files</Filter>
    </ClCompile>
    <ClCompile Include="workflow\workflow\datapackets\CDataFeature.cpp">
      <Filter>Source Files</Filter>
    </ClCompile>
    <ClCompile Include="workflow\workflow\datapackets\CDataFusion.cpp">
      <Filter>Source Files</Filter>
    </ClCompile>
    <ClCompile Include="workflow\workflow\datapackets\CDataPose.cpp">
      <Filter>Source Files</Filter>
    </ClCompile>
    <ClCompile Include="io\AStreamProvider.cpp">
      <Filter>Source Files</Filter>
    </ClCompile>
    <ClCompile Include="io\CMFStreamProvider.cpp">
      <Filter>Source Files</Filter>
    </ClCompile>
    <ClCompile Include="io\CSFStreamProvider.cpp">
      <Filter>Source Files</Filter>
    </ClCompile>
    <ClCompile Include="GeneratedFiles\Debug\moc_CAlgorithmSettingController.cpp">
      <Filter>Generated Files\Debug</Filter>
    </ClCompile>
    <ClCompile Include="GeneratedFiles\Release\moc_CAlgorithmSettingController.cpp">
      <Filter>Generated Files\Release</Filter>
    </ClCompile>
    <ClCompile Include="GeneratedFiles\Debug\moc_CImageView.cpp">
      <Filter>Generated Files\Debug</Filter>
    </ClCompile>
    <ClCompile Include="GeneratedFiles\Debug\moc_CAlgorithmSelector.cpp">
      <Filter>Source Files</Filter>
    </ClCompile>
  </ItemGroup>
  <ItemGroup>
    <CustomBuild Include="gui\3dView\C3dView.h">
      <Filter>Header Files\gui</Filter>
    </CustomBuild>
    <CustomBuild Include="gui\ImageViews\CDepthMapView.h">
      <Filter>Header Files\gui</Filter>
    </CustomBuild>
    <CustomBuild Include="gui\ImageViews\CFeatureView.h">
      <Filter>Header Files\gui</Filter>
    </CustomBuild>
    <CustomBuild Include="gui\CMainWindow.h">
      <Filter>Header Files\gui</Filter>
    </CustomBuild>
    <CustomBuild Include="gui\forms\CMainWindow.ui">
      <Filter>Form Files</Filter>
    </CustomBuild>
    <CustomBuild Include="gui\forms\CSettingsDialog.ui">
      <Filter>Form Files</Filter>
    </CustomBuild>
    <CustomBuild Include="gui\CStepComboBox.h">
      <Filter>Header Files</Filter>
    </CustomBuild>
    <CustomBuild Include="logger\controll\CLogController.h">
      <Filter>Header Files</Filter>
    </CustomBuild>
    <CustomBuild Include="logger\qslogging\QsLogDestFunctor.h">
      <Filter>Header Files</Filter>
    </CustomBuild>
    <CustomBuild Include="settings\CQJsonModel.h">
      <Filter>Header Files</Filter>
    </CustomBuild>
    <CustomBuild Include="workflow\plugin\ialgorithm.h">
      <Filter>Header Files\workflow\plugin</Filter>
    </CustomBuild>
    <CustomBuild Include="workflow\workflow\aworkflow.h">
      <Filter>Header Files\workflow</Filter>
    </CustomBuild>
    <CustomBuild Include="settings\CAlgorithmSettingController.h">
      <Filter>Header Files</Filter>
    </CustomBuild>
    <CustomBuild Include="gui\ImageViews\CImageView.h">
      <Filter>Header Files\gui</Filter>
    </CustomBuild>
  </ItemGroup>
  <ItemGroup>
    <ResourceCompile Include="3DMuVi.rc" />
  </ItemGroup>
  <ItemGroup>
    <ClInclude Include="workflow\workflow\cworkflowmanager.h">
      <Filter>Header Files\workflow</Filter>
    </ClInclude>
    <ClInclude Include="workflow\workflow\idatapacket.h">
      <Filter>Header Files\workflow</Filter>
    </ClInclude>
    <ClInclude Include="workflow\workflow\idataview.h">
      <Filter>Header Files\workflow</Filter>
    </ClInclude>
    <ClInclude Include="workflow\plugin\cpluginmanager.h">
      <Filter>Header Files\workflow\plugin</Filter>
    </ClInclude>
    <ClInclude Include="workflow\plugin\iplugin.h">
      <Filter>Header Files\workflow\plugin</Filter>
    </ClInclude>
    <ClInclude Include="gui\CAlgorithmSelector.h">
      <Filter>Header Files\gui</Filter>
    </ClInclude>
    <ClInclude Include="gui\AlgorithmSettings\CAlgorithmSettingsSaveLoadWidget.h">
      <Filter>Header Files\gui</Filter>
    </ClInclude>
    <ClInclude Include="gui\CDatasetSelector.h">
      <Filter>Header Files\gui</Filter>
    </ClInclude>
    <ClInclude Include="gui\CDataViewTabContainer.h">
      <Filter>Header Files\gui</Filter>
    </ClInclude>
    <ClInclude Include="gui\CImagePreviewItem.h">
      <Filter>Header Files\gui</Filter>
    </ClInclude>
    <ClInclude Include="gui\CImagePreviewWidget.h">
      <Filter>Header Files\gui</Filter>
    </ClInclude>
    <ClInclude Include="gui\ImageViews\CInputImageView.h">
      <Filter>Header Files\gui</Filter>
    </ClInclude>
    <ClInclude Include="gui\CLogWidget.h">
      <Filter>Header Files\gui</Filter>
    </ClInclude>
    <ClInclude Include="gui\CSettingsDialog.h">
      <Filter>Header Files\gui</Filter>
    </ClInclude>
    <ClInclude Include="gui\IGuiDataView.h">
      <Filter>Header Files\gui</Filter>
    </ClInclude>
    <ClInclude Include="GeneratedFiles\ui_CMainWindow.h">
      <Filter>Generated Files</Filter>
    </ClInclude>
    <ClInclude Include="GeneratedFiles\ui_CSettingsDialog.h">
      <Filter>Generated Files</Filter>
    </ClInclude>
    <ClInclude Include="gui\AlgorithmSettings\CAlgorithmSettingsView.h">
      <Filter>Header Files</Filter>
    </ClInclude>
    <ClInclude Include="io\CImageIo.h">
      <Filter>Header Files</Filter>
    </ClInclude>
    <ClInclude Include="io\CInputDataSet.h">
      <Filter>Header Files</Filter>
    </ClInclude>
    <ClInclude Include="io\CResultContext.h">
      <Filter>Header Files</Filter>
    </ClInclude>
    <ClInclude Include="io\CTextIo.h">
      <Filter>Header Files</Filter>
    </ClInclude>
    <ClInclude Include="logger\controll\CAlgoMessage.h">
      <Filter>Header Files</Filter>
    </ClInclude>
    <ClInclude Include="logger\controll\CLogHistory.h">
      <Filter>Header Files</Filter>
    </ClInclude>
    <ClInclude Include="logger\qslogging\QsLog.h">
      <Filter>Header Files</Filter>
    </ClInclude>
    <ClInclude Include="logger\qslogging\QsLogDest.h">
      <Filter>Header Files</Filter>
    </ClInclude>
    <ClInclude Include="logger\qslogging\QsLogDestConsole.h">
      <Filter>Header Files</Filter>
    </ClInclude>
    <ClInclude Include="logger\qslogging\QsLogDestFile.h">
      <Filter>Header Files</Filter>
    </ClInclude>
    <ClInclude Include="logger\qslogging\QsLogDisableForThisFile.h">
      <Filter>Header Files</Filter>
    </ClInclude>
    <ClInclude Include="logger\qslogging\QsLogLevel.h">
      <Filter>Header Files</Filter>
    </ClInclude>
    <ClInclude Include="settings\CAlgorithmSettingsModel.h">
      <Filter>Header Files</Filter>
    </ClInclude>
    <ClInclude Include="settings\CGlobalSettingController.h">
      <Filter>Header Files</Filter>
    </ClInclude>
    <ClInclude Include="settings\CQJsonItem.h">
      <Filter>Header Files</Filter>
    </ClInclude>
    <ClInclude Include="workflow\workflow\fourphase\cfourphaseworkflow.h">
      <Filter>Header Files</Filter>
    </ClInclude>
    <ClInclude Include="workflow\workflow\ccontextdatastore.h">
      <Filter>Header Files\workflow</Filter>
    </ClInclude>
    <ClInclude Include="workflow\workflow\datapackets\exampledata.h">
      <Filter>Header Files</Filter>
    </ClInclude>
    <ClInclude Include="workflow\workflow\datapackets\CDataPose.h">
      <Filter>Header Files</Filter>
    </ClInclude>
    <ClInclude Include="workflow\workflow\datapackets\CDataDepth.h">
      <Filter>Header Files</Filter>
    </ClInclude>
    <ClInclude Include="workflow\workflow\datapackets\CDataFeature.h">
      <Filter>Header Files</Filter>
    </ClInclude>
    <ClInclude Include="workflow\workflow\datapackets\CDataFusion.h">
      <Filter>Header Files</Filter>
    </ClInclude>
    <ClInclude Include="workflow\workflow\datapackets\SPose.h">
      <Filter>Header Files</Filter>
    </ClInclude>
    <ClInclude Include="io\AStreamProvider.h">
      <Filter>Header Files</Filter>
    </ClInclude>
    <ClInclude Include="io\CMFStreamProvider.h">
      <Filter>Header Files</Filter>
    </ClInclude>
    <ClInclude Include="io\CSFStreamProvider.h">
      <Filter>Header Files</Filter>
    </ClInclude>
  </ItemGroup>
</Project>